{
  "version": 4,
  "terraform_version": "0.12.24",
  "serial": 71,
  "lineage": "bfd345ed-2c5f-6215-79ff-414bb50fa510",
  "outputs": {
    "basic_notebook_instance_id": {
      "value": "FraudDetectionNotebookInstance",
      "type": "string"
    },
    "firehoseDeliveryRoleArn": {
      "value": "arn:aws:iam::429009684346:role/fraud-detection-firehose-role",
      "type": "string"
    },
    "firehose_delivery_stream_arn": {
      "value": "arn:aws:firehose:eu-west-2:429009684346:deliverystream/fraud-detection-firehose-stream",
      "type": "string"
    }
  },
  "resources": [
    {
      "mode": "data",
      "type": "archive_file",
      "name": "fraud_detection_archive",
      "provider": "provider.archive",
      "instances": [
        {
          "schema_version": 0,
          "attributes": {
            "excludes": null,
            "id": "15c0d7a3b4dfba2084502adbee99d770a2a0dff6",
            "output_base64sha256": "drsFUujtfxWaaAyLLL8F3YTco0RyOGpAo72FGtbW+L4=",
            "output_md5": "45ac1e0db8aba0472ac7a2e44a8af99a",
            "output_path": "./../dist/fraud_detection.zip",
            "output_sha": "15c0d7a3b4dfba2084502adbee99d770a2a0dff6",
            "output_size": 1674,
            "source": [],
            "source_content": null,
            "source_content_filename": null,
            "source_dir": null,
            "source_file": "./../source/fraud_detection/index.py",
            "type": "zip"
          }
        }
      ]
    },
    {
      "mode": "data",
      "type": "aws_caller_identity",
      "name": "current",
      "provider": "provider.aws",
      "instances": [
        {
          "schema_version": 0,
          "attributes": {
            "account_id": "429009684346",
            "arn": "arn:aws:iam::429009684346:user/mellens",
            "id": "2020-05-28 12:51:32.617614 +0000 UTC",
            "user_id": "AIDAWHYXYI55K32JPUNIK"
          }
        }
      ]
    },
    {
      "mode": "data",
      "type": "template_file",
      "name": "instance_init",
      "provider": "provider.template",
      "instances": [
        {
          "schema_version": 0,
          "attributes": {
            "filename": null,
            "id": "0197965c90dbbe72ed9c9a54d1f369e4de6b35e26783cdac5711a3d243d374cd",
            "rendered": "cd /home/ec2-user/SageMaker\naws s3 cp s3://lamda-bucket-eu-west-2/fraud-detection-using-machine-learning/1/notebooks/sagemaker_fraud_detection.ipynb .\nsed -i 's/fraud-detection-end-to-end-demo/bucket-1-eu-west-2/g' sagemaker_fraud_detection.ipynb",
            "template": "cd /home/ec2-user/SageMaker\naws s3 cp s3://${function_bucket_name}-${aws_region}/fraud-detection-using-machine-learning/${function_version}/notebooks/sagemaker_fraud_detection.ipynb .\nsed -i 's/fraud-detection-end-to-end-demo/${s3_bucket_name_1}/g' sagemaker_fraud_detection.ipynb",
            "vars": {
              "aws_region": "eu-west-2",
              "function_bucket_name": "lamda-bucket",
              "function_version": "1",
              "s3_bucket_name_1": "bucket-1-eu-west-2"
            }
          }
        }
      ]
    },
    {
      "mode": "managed",
      "type": "aws_cloudwatch_event_rule",
      "name": "fraud_detection_scheduled_rule",
      "provider": "provider.aws",
      "instances": [
        {
          "schema_version": 0,
          "attributes": {
            "arn": "arn:aws:events:eu-west-2:429009684346:rule/fraud-detection-scheduled-rule",
            "description": "ScheduledRule",
            "event_pattern": null,
            "id": "fraud-detection-scheduled-rule",
            "is_enabled": false,
            "name": "fraud-detection-scheduled-rule",
            "name_prefix": null,
            "role_arn": "",
            "schedule_expression": "rate(1 minute)",
            "tags": {
              "CreatedBy": "terraform",
              "Group": "fraud-detection"
            }
          },
          "private": "bnVsbA=="
        }
      ]
    },
    {
      "mode": "managed",
      "type": "aws_cloudwatch_event_target",
      "name": "fraud_detection",
      "provider": "provider.aws",
      "instances": [
        {
          "schema_version": 0,
          "attributes": {
            "arn": "arn:aws:lambda:eu-west-2:429009684346:function:fraud-detection-event-processor",
            "batch_target": [],
            "ecs_target": [],
            "id": "fraud-detection-scheduled-rule-TargetFunctionV1",
            "input": "",
            "input_path": "",
            "input_transformer": [],
            "kinesis_target": [],
            "role_arn": "",
            "rule": "fraud-detection-scheduled-rule",
            "run_command_targets": [],
            "sqs_target": [],
            "target_id": "TargetFunctionV1"
          },
          "private": "bnVsbA==",
          "dependencies": [
            "aws_cloudwatch_event_rule.fraud_detection_scheduled_rule",
            "aws_iam_role.fraud_detection_lambda_role",
            "aws_lambda_function.fraud_detection_event_processor",
            "aws_s3_bucket.fraud_detection_function_bucket",
            "aws_s3_bucket_object.s3_fraud_detection_archive"
          ]
        }
      ]
    },
    {
      "mode": "managed",
      "type": "aws_iam_policy",
      "name": "fraud_detection_firehose_policy",
      "provider": "provider.aws",
      "instances": [
        {
          "schema_version": 0,
          "attributes": {
            "arn": "arn:aws:iam::429009684346:policy/fraud-detection-firehose-policy",
            "description": "Policy for the Amazon Kinesis Data Firehose to save data to S3 bucket",
            "id": "arn:aws:iam::429009684346:policy/fraud-detection-firehose-policy",
            "name": "fraud-detection-firehose-policy",
            "name_prefix": null,
            "path": "/",
            "policy": "{\n    \"Version\": \"2012-10-17\",\n    \"Statement\": [\n        {\n            \"Effect\": \"Allow\",\n            \"Action\": [\n                \"s3:AbortMultipartUpload\",\n                \"s3:GetBucketLocation\",\n                \"s3:GetObject\",\n                \"s3:ListBucket\",\n                \"s3:ListBucketMultipartUploads\",\n                \"s3:PutObject\"\n            ],\n            \"Resource\": [\n                \"arn:aws:s3:::bucket-2-eu-west-2\",\n                \"arn:aws:s3:::bucket-2-eu-west-2/fraud-detection/firehose/*\"\n            ]\n        }\n    ]\n}\n"
          },
          "private": "bnVsbA==",
          "dependencies": [
            "aws_s3_bucket.s3_bucket_2"
          ]
        }
      ]
    },
    {
      "mode": "managed",
      "type": "aws_iam_policy",
      "name": "fraud_detection_lambda_policy",
      "provider": "provider.aws",
      "instances": [
        {
          "schema_version": 0,
          "attributes": {
            "arn": "arn:aws:iam::429009684346:policy/fraud-detection-lambda-policy",
            "description": "Policy for the fraud detection function to put records into the Amazon Kinesis Data Firehose",
            "id": "arn:aws:iam::429009684346:policy/fraud-detection-lambda-policy",
            "name": "fraud-detection-lambda-policy",
            "name_prefix": null,
            "path": "/",
            "policy": "{\n    \"Version\": \"2012-10-17\",\n    \"Statement\": [\n        {\n            \"Effect\": \"Allow\",\n            \"Action\": [\n                \"logs:CreateLogGroup\",\n                \"logs:CreateLogStream\",\n                \"logs:PutLogEvents\"\n            ],\n            \"Resource\": \"arn:aws:logs:eu-west-2:429009684346:log-group:/aws/lambda/*\"\n        },\n        {\n            \"Effect\": \"Allow\",\n            \"Action\": [\n                \"sagemaker:InvokeEndpoint\"\n            ],\n            \"Resource\": [\n                \"arn:aws:sagemaker:*:*:endpoint/*\"\n            ]\n        },\n        {\n            \"Effect\": \"Allow\",\n            \"Action\": [\n                \"firehose:PutRecord\",\n                \"firehose:PutRecordBatch\"\n            ],\n            \"Resource\":  [\n                \"arn:aws:firehose:eu-west-2:429009684346:deliverystream/fraud-detection-firehose-stream\"\n            ]\n        }\n    ]\n}\n"
          },
          "private": "bnVsbA==",
          "dependencies": [
            "aws_iam_role.fraud_detection_firehose_role",
            "aws_kinesis_firehose_delivery_stream.fraud_detection_firehose_stream",
            "aws_s3_bucket.s3_bucket_2"
          ]
        }
      ]
    },
    {
      "mode": "managed",
      "type": "aws_iam_policy",
      "name": "sm_notebook_instance_policy",
      "provider": "provider.aws",
      "instances": [
        {
          "schema_version": 0,
          "attributes": {
            "arn": "arn:aws:iam::429009684346:policy/sm-notebook-instance-policy",
            "description": "Policy for the Notebook Instance to manage training jobs, models and endpoints",
            "id": "arn:aws:iam::429009684346:policy/sm-notebook-instance-policy",
            "name": "sm-notebook-instance-policy",
            "name_prefix": null,
            "path": "/",
            "policy": "{\n    \"Version\": \"2012-10-17\",\n    \"Statement\": [\n        {\n            \"Effect\": \"Allow\",\n            \"Action\": [\n                \"s3:GetBucketLocation\",\n                \"s3:ListBucket\",\n                \"s3:GetObject\",\n                \"s3:PutObject\",\n                \"s3:DeleteObject\"\n            ],\n            \"Resource\": [\n                \"arn:aws:s3:::bucket-1-eu-west-2\",\n                \"arn:aws:s3:::bucket-1-eu-west-2/*\",\n                \"arn:aws:s3:::lamda-bucket-eu-west-2/*\"\n            ]\n        },\n        {\n            \"Effect\": \"Allow\",\n            \"Action\": [\n                \"sagemaker:CreateTrainingJob\",\n                \"sagemaker:DescribeTrainingJob\",\n                \"sagemaker:CreateModel\",\n                \"sagemaker:DescribeModel\",\n                \"sagemaker:DeleteModel\",\n                \"sagemaker:CreateEndpoint\",\n                \"sagemaker:CreateEndpointConfig\",\n                \"sagemaker:DescribeEndpoint\",\n                \"sagemaker:DescribeEndpointConfig\",\n                \"sagemaker:DeleteEndpoint\"\n            ],\n            \"Resource\": [\n                \"arn:aws:sagemaker:eu-west-2:429009684346:*\"\n            ]\n        },\n        {\n            \"Effect\": \"Allow\",\n            \"Action\": [\n                \"ecr:GetDownloadUrlForLayer\",\n                \"ecr:BatchGetImage\",\n                \"ecr:BatchCheckLayerAvailability\"\n            ],\n            \"Resource\": [\n                \"arn:aws:ecr:eu-west-2:429009684346:repository/*\"\n            ]\n        },\n        {\n            \"Effect\": \"Allow\",\n            \"Action\": [\n                \"ec2:CreateVpcEndpoint\",\n                \"ec2:DescribeRouteTables\"\n            ],\n            \"Resource\": \"*\"\n        },\n        {\n            \"Effect\": \"Allow\",\n            \"Action\": [\n                \"cloudwatch:PutMetricData\",\n                \"cloudwatch:GetMetricData\",\n                \"cloudwatch:GetMetricStatistics\",\n                \"cloudwatch:ListMetrics\"\n            ],\n            \"Resource\": [\n                \"arn:aws:cloudwatch:eu-west-2:429009684346:*\"\n            ]\n        },\n        {\n            \"Effect\": \"Allow\",\n            \"Action\": [\n                \"logs:CreateLogGroup\",\n                \"logs:CreateLogStream\",\n                \"logs:DescribeLogStreams\",\n                \"logs:GetLogEvents\",\n                \"logs:PutLogEvents\"\n            ],\n            \"Resource\": [\n                \"arn:aws:logs:eu-west-2:429009684346:log-group:/aws/sagemaker/*\"\n            ]\n        },\n        {\n            \"Effect\": \"Allow\",\n            \"Action\": [\n                \"iam:PassRole\"\n            ],\n            \"Resource\": [\n                \"arn:aws:iam::429009684346:role/sm-notebook-instance-role\"\n            ],\n            \"Condition\": {\n                \"StringEquals\": {\n                    \"iam:PassedToService\": \"sagemaker.amazonaws.com\"\n                }\n            }\n        },\n        {\n            \"Effect\": \"Allow\",\n            \"Action\": [\n                \"iam:GetRole\"\n            ],\n            \"Resource\": [\n                \"arn:aws:iam::429009684346:role/sm-notebook-instance-role\"\n            ]\n        }\n    ]\n}\n"
          },
          "private": "bnVsbA==",
          "dependencies": [
            "aws_iam_role.sm_notebook_instance_role",
            "aws_s3_bucket.fraud_detection_function_bucket",
            "aws_s3_bucket.s3_bucket_1"
          ]
        }
      ]
    },
    {
      "mode": "managed",
      "type": "aws_iam_role",
      "name": "fraud_detection_firehose_role",
      "provider": "provider.aws",
      "instances": [
        {
          "schema_version": 0,
          "attributes": {
            "arn": "arn:aws:iam::429009684346:role/fraud-detection-firehose-role",
            "assume_role_policy": "{\"Version\":\"2012-10-17\",\"Statement\":[{\"Effect\":\"Allow\",\"Principal\":{\"Service\":\"firehose.amazonaws.com\"},\"Action\":\"sts:AssumeRole\"}]}",
            "create_date": "2020-05-28T12:51:41Z",
            "description": "",
            "force_detach_policies": false,
            "id": "fraud-detection-firehose-role",
            "max_session_duration": 3600,
            "name": "fraud-detection-firehose-role",
            "name_prefix": null,
            "path": "/",
            "permissions_boundary": null,
            "tags": {
              "CreatedBy": "terraform",
              "Group": "fraud-detection"
            },
            "unique_id": "AROAWHYXYI55KTFFKZSTV"
          },
          "private": "bnVsbA=="
        }
      ]
    },
    {
      "mode": "managed",
      "type": "aws_iam_role",
      "name": "fraud_detection_lambda_role",
      "provider": "provider.aws",
      "instances": [
        {
          "schema_version": 0,
          "attributes": {
            "arn": "arn:aws:iam::429009684346:role/fraud-detection-lambda-role",
            "assume_role_policy": "{\"Version\":\"2012-10-17\",\"Statement\":[{\"Effect\":\"Allow\",\"Principal\":{\"Service\":\"lambda.amazonaws.com\"},\"Action\":\"sts:AssumeRole\"}]}",
            "create_date": "2020-05-28T12:51:41Z",
            "description": "",
            "force_detach_policies": false,
            "id": "fraud-detection-lambda-role",
            "max_session_duration": 3600,
            "name": "fraud-detection-lambda-role",
            "name_prefix": null,
            "path": "/",
            "permissions_boundary": null,
            "tags": {
              "CreatedBy": "terraform",
              "Group": "fraud-detection"
            },
            "unique_id": "AROAWHYXYI55DN4AKSBVZ"
          },
          "private": "bnVsbA=="
        }
      ]
    },
    {
      "mode": "managed",
      "type": "aws_iam_role",
      "name": "sm_notebook_instance_role",
      "provider": "provider.aws",
      "instances": [
        {
          "schema_version": 0,
          "attributes": {
            "arn": "arn:aws:iam::429009684346:role/sm-notebook-instance-role",
            "assume_role_policy": "{\"Version\":\"2012-10-17\",\"Statement\":[{\"Effect\":\"Allow\",\"Principal\":{\"Service\":\"sagemaker.amazonaws.com\"},\"Action\":\"sts:AssumeRole\"}]}",
            "create_date": "2020-05-28T12:51:41Z",
            "description": "",
            "force_detach_policies": false,
            "id": "sm-notebook-instance-role",
            "max_session_duration": 3600,
            "name": "sm-notebook-instance-role",
            "name_prefix": null,
            "path": "/",
            "permissions_boundary": null,
            "tags": {
              "CreatedBy": "terraform",
              "Group": "fraud-detection"
            },
            "unique_id": "AROAWHYXYI55N5WUKVCAL"
          },
          "private": "bnVsbA=="
        }
      ]
    },
    {
      "mode": "managed",
      "type": "aws_iam_role_policy_attachment",
      "name": "fraud_detection_firehose",
      "provider": "provider.aws",
      "instances": [
        {
          "schema_version": 0,
          "attributes": {
            "id": "fraud-detection-firehose-role-20200528125145661200000001",
            "policy_arn": "arn:aws:iam::429009684346:policy/fraud-detection-firehose-policy",
            "role": "fraud-detection-firehose-role"
          },
          "private": "bnVsbA==",
          "dependencies": [
            "aws_iam_policy.fraud_detection_firehose_policy",
            "aws_iam_role.fraud_detection_firehose_role",
            "aws_s3_bucket.s3_bucket_2"
          ]
        }
      ]
    },
    {
      "mode": "managed",
      "type": "aws_iam_role_policy_attachment",
      "name": "fraud_detection_lambda",
      "provider": "provider.aws",
      "instances": [
        {
          "schema_version": 0,
          "attributes": {
            "id": "fraud-detection-lambda-role-20200528125223996100000004",
            "policy_arn": "arn:aws:iam::429009684346:policy/fraud-detection-lambda-policy",
            "role": "fraud-detection-lambda-role"
          },
          "private": "bnVsbA==",
          "dependencies": [
            "aws_iam_policy.fraud_detection_lambda_policy",
            "aws_iam_role.fraud_detection_firehose_role",
            "aws_iam_role.fraud_detection_lambda_role",
            "aws_kinesis_firehose_delivery_stream.fraud_detection_firehose_stream",
            "aws_s3_bucket.s3_bucket_2"
          ]
        }
      ]
    },
    {
      "mode": "managed",
      "type": "aws_iam_role_policy_attachment",
      "name": "sm_notebook_instance",
      "provider": "provider.aws",
      "instances": [
        {
          "schema_version": 0,
          "attributes": {
            "id": "sm-notebook-instance-role-20200528125145676400000002",
            "policy_arn": "arn:aws:iam::429009684346:policy/sm-notebook-instance-policy",
            "role": "sm-notebook-instance-role"
          },
          "private": "bnVsbA==",
          "dependencies": [
            "aws_iam_policy.sm_notebook_instance_policy",
            "aws_iam_role.sm_notebook_instance_role",
            "aws_s3_bucket.fraud_detection_function_bucket",
            "aws_s3_bucket.s3_bucket_1"
          ]
        }
      ]
    },
    {
      "mode": "managed",
      "type": "aws_kinesis_firehose_delivery_stream",
      "name": "fraud_detection_firehose_stream",
      "provider": "provider.aws",
      "instances": [
        {
          "schema_version": 1,
          "attributes": {
            "arn": "arn:aws:firehose:eu-west-2:429009684346:deliverystream/fraud-detection-firehose-stream",
            "destination": "s3",
            "destination_id": "destinationId-000000000001",
            "elasticsearch_configuration": [],
            "extended_s3_configuration": [],
            "id": "arn:aws:firehose:eu-west-2:429009684346:deliverystream/fraud-detection-firehose-stream",
            "kinesis_source_configuration": [],
            "name": "fraud-detection-firehose-stream",
            "redshift_configuration": [],
            "s3_configuration": [
              {
                "bucket_arn": "arn:aws:s3:::bucket-2-eu-west-2",
                "buffer_interval": 60,
                "buffer_size": 100,
                "cloudwatch_logging_options": [
                  {
                    "enabled": false,
                    "log_group_name": "",
                    "log_stream_name": ""
                  }
                ],
                "compression_format": "GZIP",
                "kms_key_arn": "",
                "prefix": "fraud-detection/firehose/",
                "role_arn": "arn:aws:iam::429009684346:role/fraud-detection-firehose-role"
              }
            ],
            "server_side_encryption": [
              {
                "enabled": false
              }
            ],
            "splunk_configuration": [],
            "tags": {
              "CreatedBy": "terraform",
              "Group": "fraud-detection"
            },
            "version_id": "1"
          },
          "private": "eyJzY2hlbWFfdmVyc2lvbiI6IjEifQ==",
          "dependencies": [
            "aws_iam_role.fraud_detection_firehose_role",
            "aws_s3_bucket.s3_bucket_2"
          ]
        }
      ]
    },
    {
      "mode": "managed",
      "type": "aws_lambda_function",
      "name": "fraud_detection_event_processor",
      "provider": "provider.aws",
      "instances": [
        {
          "schema_version": 0,
          "attributes": {
            "arn": "arn:aws:lambda:eu-west-2:429009684346:function:fraud-detection-event-processor",
            "dead_letter_config": [],
            "description": "",
            "environment": [],
            "filename": null,
            "function_name": "fraud-detection-event-processor",
            "handler": "index.lambda_handler",
            "id": "fraud-detection-event-processor",
            "invoke_arn": "arn:aws:apigateway:eu-west-2:lambda:path/2015-03-31/functions/arn:aws:lambda:eu-west-2:429009684346:function:fraud-detection-event-processor/invocations",
            "kms_key_arn": "",
            "last_modified": "2020-05-28T12:51:52.524+0000",
            "layers": null,
            "memory_size": 128,
            "publish": false,
            "qualified_arn": "arn:aws:lambda:eu-west-2:429009684346:function:fraud-detection-event-processor:$LATEST",
            "reserved_concurrent_executions": -1,
            "role": "arn:aws:iam::429009684346:role/fraud-detection-lambda-role",
            "runtime": "python3.6",
            "s3_bucket": "lamda-bucket-eu-west-2",
            "s3_key": "fraud-detection-using-machine-learning/1/fraud_detection.zip",
            "s3_object_version": null,
            "source_code_hash": "drsFUujtfxWaaAyLLL8F3YTco0RyOGpAo72FGtbW+L4=",
            "source_code_size": 1674,
            "tags": {
              "CreatedBy": "terraform",
              "Group": "fraud-detection"
            },
            "timeout": 3,
            "timeouts": null,
            "tracing_config": [
              {
                "mode": "PassThrough"
              }
            ],
            "version": "$LATEST",
            "vpc_config": []
          },
          "private": "eyJlMmJmYjczMC1lY2FhLTExZTYtOGY4OC0zNDM2M2JjN2M0YzAiOnsiY3JlYXRlIjo2MDAwMDAwMDAwMDB9fQ==",
          "dependencies": [
            "aws_iam_role.fraud_detection_lambda_role",
            "aws_s3_bucket.fraud_detection_function_bucket",
            "aws_s3_bucket_object.s3_fraud_detection_archive"
          ]
        }
      ]
    },
    {
      "mode": "managed",
      "type": "aws_lambda_permission",
      "name": "fraud_detection",
      "provider": "provider.aws",
      "instances": [
        {
          "schema_version": 0,
          "attributes": {
            "action": "lambda:InvokeFunction",
            "event_source_token": null,
            "function_name": "fraud-detection-event-processor",
            "id": "terraform-20200528125157990200000003",
            "principal": "events.amazonaws.com",
            "qualifier": "",
            "source_account": null,
            "source_arn": "arn:aws:events:eu-west-2:429009684346:rule/fraud-detection-scheduled-rule",
            "statement_id": "terraform-20200528125157990200000003",
            "statement_id_prefix": null
          },
          "private": "bnVsbA==",
          "dependencies": [
            "aws_cloudwatch_event_rule.fraud_detection_scheduled_rule",
            "aws_iam_role.fraud_detection_lambda_role",
            "aws_lambda_function.fraud_detection_event_processor",
            "aws_s3_bucket.fraud_detection_function_bucket",
            "aws_s3_bucket_object.s3_fraud_detection_archive"
          ]
        }
      ]
    },
    {
      "mode": "managed",
      "type": "aws_s3_bucket",
      "name": "fraud_detection_function_bucket",
      "provider": "provider.aws",
      "instances": [
        {
          "schema_version": 0,
          "attributes": {
            "acceleration_status": "",
            "acl": "private",
            "arn": "arn:aws:s3:::lamda-bucket-eu-west-2",
            "bucket": "lamda-bucket-eu-west-2",
            "bucket_domain_name": "lamda-bucket-eu-west-2.s3.amazonaws.com",
            "bucket_prefix": null,
            "bucket_regional_domain_name": "lamda-bucket-eu-west-2.s3.eu-west-2.amazonaws.com",
            "cors_rule": [],
            "force_destroy": false,
            "grant": [],
            "hosted_zone_id": "Z3GKZC51ZF0DB4",
            "id": "lamda-bucket-eu-west-2",
            "lifecycle_rule": [],
            "logging": [],
            "object_lock_configuration": [],
            "policy": null,
            "region": "eu-west-2",
            "replication_configuration": [],
            "request_payer": "BucketOwner",
            "server_side_encryption_configuration": [
              {
                "rule": [
                  {
                    "apply_server_side_encryption_by_default": [
                      {
                        "kms_master_key_id": "",
                        "sse_algorithm": "AES256"
                      }
                    ]
                  }
                ]
              }
            ],
            "tags": {
              "CreatedBy": "terraform",
              "Description": "Bucket hosting the code for fraud_detection Lambda function.",
              "Group": "fraud-detection"
            },
            "versioning": [
              {
                "enabled": false,
                "mfa_delete": false
              }
            ],
            "website": [],
            "website_domain": null,
            "website_endpoint": null
          },
          "private": "bnVsbA=="
        }
      ]
    },
    {
      "mode": "managed",
      "type": "aws_s3_bucket",
      "name": "s3_bucket_1",
      "provider": "provider.aws",
      "instances": [
        {
          "schema_version": 0,
          "attributes": {
            "acceleration_status": "",
            "acl": "private",
            "arn": "arn:aws:s3:::bucket-1-eu-west-2",
            "bucket": "bucket-1-eu-west-2",
            "bucket_domain_name": "bucket-1-eu-west-2.s3.amazonaws.com",
            "bucket_prefix": null,
            "bucket_regional_domain_name": "bucket-1-eu-west-2.s3.eu-west-2.amazonaws.com",
            "cors_rule": [],
            "force_destroy": true,
            "grant": [],
            "hosted_zone_id": "Z3GKZC51ZF0DB4",
            "id": "bucket-1-eu-west-2",
            "lifecycle_rule": [],
            "logging": [],
            "object_lock_configuration": [],
            "policy": null,
            "region": "eu-west-2",
            "replication_configuration": [],
            "request_payer": "BucketOwner",
            "server_side_encryption_configuration": [
              {
                "rule": [
                  {
                    "apply_server_side_encryption_by_default": [
                      {
                        "kms_master_key_id": "",
                        "sse_algorithm": "AES256"
                      }
                    ]
                  }
                ]
              }
            ],
            "tags": {
              "CreatedBy": "terraform",
              "Description": "Bucket for storing the Amazon SageMaker model and training data.",
              "Group": "fraud-detection"
            },
            "versioning": [
              {
                "enabled": false,
                "mfa_delete": false
              }
            ],
            "website": [],
            "website_domain": null,
            "website_endpoint": null
          },
          "private": "bnVsbA=="
        }
      ]
    },
    {
      "mode": "managed",
      "type": "aws_s3_bucket",
      "name": "s3_bucket_2",
      "provider": "provider.aws",
      "instances": [
        {
          "schema_version": 0,
          "attributes": {
            "acceleration_status": "",
            "acl": "private",
            "arn": "arn:aws:s3:::bucket-2-eu-west-2",
            "bucket": "bucket-2-eu-west-2",
            "bucket_domain_name": "bucket-2-eu-west-2.s3.amazonaws.com",
            "bucket_prefix": null,
            "bucket_regional_domain_name": "bucket-2-eu-west-2.s3.eu-west-2.amazonaws.com",
            "cors_rule": [],
            "force_destroy": true,
            "grant": [],
            "hosted_zone_id": "Z3GKZC51ZF0DB4",
            "id": "bucket-2-eu-west-2",
            "lifecycle_rule": [],
            "logging": [],
            "object_lock_configuration": [],
            "policy": null,
            "region": "eu-west-2",
            "replication_configuration": [],
            "request_payer": "BucketOwner",
            "server_side_encryption_configuration": [
              {
                "rule": [
                  {
                    "apply_server_side_encryption_by_default": [
                      {
                        "kms_master_key_id": "",
                        "sse_algorithm": "AES256"
                      }
                    ]
                  }
                ]
              }
            ],
            "tags": {
              "CreatedBy": "terraform",
              "Description": "Bucket for storing processed events for visualization features.",
              "Group": "fraud-detection"
            },
            "versioning": [
              {
                "enabled": false,
                "mfa_delete": false
              }
            ],
            "website": [],
            "website_domain": null,
            "website_endpoint": null
          },
          "private": "bnVsbA=="
        }
      ]
    },
    {
      "mode": "managed",
      "type": "aws_s3_bucket_object",
      "name": "s3_fraud_detection_archive",
      "provider": "provider.aws",
      "instances": [
        {
          "schema_version": 0,
          "attributes": {
            "acl": "private",
            "bucket": "lamda-bucket-eu-west-2",
            "cache_control": "",
            "content": null,
            "content_base64": null,
            "content_disposition": "",
            "content_encoding": "",
            "content_language": "",
            "content_type": "binary/octet-stream",
            "etag": "45ac1e0db8aba0472ac7a2e44a8af99a",
            "force_destroy": false,
            "id": "fraud-detection-using-machine-learning/1/fraud_detection.zip",
            "key": "fraud-detection-using-machine-learning/1/fraud_detection.zip",
            "kms_key_id": null,
            "metadata": null,
            "object_lock_legal_hold_status": "",
            "object_lock_mode": "",
            "object_lock_retain_until_date": "",
            "server_side_encryption": "AES256",
            "source": "./../dist/fraud_detection.zip",
            "storage_class": "STANDARD",
            "tags": null,
            "version_id": "",
            "website_redirect": ""
          },
          "private": "bnVsbA==",
          "dependencies": [
            "aws_s3_bucket.fraud_detection_function_bucket"
          ]
        }
      ]
    },
    {
      "mode": "managed",
      "type": "aws_s3_bucket_object",
      "name": "s3_fraud_detection_notebook",
      "provider": "provider.aws",
      "instances": [
        {
          "schema_version": 0,
          "attributes": {
            "acl": "private",
            "bucket": "lamda-bucket-eu-west-2",
            "cache_control": "",
            "content": null,
            "content_base64": null,
            "content_disposition": "",
            "content_encoding": "",
            "content_language": "",
            "content_type": "binary/octet-stream",
            "etag": "807555ee32ce7a9cb0b1d6073c6673c0",
            "force_destroy": false,
            "id": "fraud-detection-using-machine-learning/1/notebooks/sagemaker_fraud_detection.ipynb",
            "key": "fraud-detection-using-machine-learning/1/notebooks/sagemaker_fraud_detection.ipynb",
            "kms_key_id": null,
            "metadata": null,
            "object_lock_legal_hold_status": "",
            "object_lock_mode": "",
            "object_lock_retain_until_date": "",
            "server_side_encryption": "AES256",
            "source": "./../source/notebooks/sagemaker_fraud_detection.ipynb",
            "storage_class": "STANDARD",
            "tags": null,
            "version_id": "",
            "website_redirect": ""
          },
          "private": "bnVsbA==",
          "dependencies": [
            "aws_s3_bucket.fraud_detection_function_bucket"
          ]
        }
      ]
    },
    {
      "mode": "managed",
      "type": "aws_sagemaker_notebook_instance",
      "name": "basic",
      "provider": "provider.aws",
      "instances": [
        {
          "schema_version": 0,
          "attributes": {
            "arn": "arn:aws:sagemaker:eu-west-2:429009684346:notebook-instance/frauddetectionnotebookinstance",
            "direct_internet_access": "Enabled",
            "id": "FraudDetectionNotebookInstance",
            "instance_type": "ml.t2.medium",
            "kms_key_id": "",
            "lifecycle_config_name": "BasicNotebookInstanceLifecycleConfig",
            "name": "FraudDetectionNotebookInstance",
            "role_arn": "arn:aws:iam::429009684346:role/sm-notebook-instance-role",
            "security_groups": [],
            "subnet_id": "",
            "tags": {
              "CreatedBy": "terraform",
              "Group": "fraud-detection"
            }
          },
          "private": "bnVsbA==",
          "dependencies": [
            "aws_iam_role.sm_notebook_instance_role",
            "aws_s3_bucket.fraud_detection_function_bucket",
            "aws_s3_bucket.s3_bucket_1",
            "aws_s3_bucket_object.s3_fraud_detection_notebook",
            "aws_sagemaker_notebook_instance_lifecycle_configuration.basic_lifecycle"
          ]
        }
      ]
    },
    {
      "mode": "managed",
      "type": "aws_sagemaker_notebook_instance_lifecycle_configuration",
      "name": "basic_lifecycle",
      "provider": "provider.aws",
      "instances": [
        {
          "schema_version": 0,
          "attributes": {
            "arn": "arn:aws:sagemaker:eu-west-2:429009684346:notebook-instance-lifecycle-config/basicnotebookinstancelifecycleconfig",
            "id": "BasicNotebookInstanceLifecycleConfig",
            "name": "BasicNotebookInstanceLifecycleConfig",
            "on_create": null,
            "on_start": "Y2QgL2hvbWUvZWMyLXVzZXIvU2FnZU1ha2VyCmF3cyBzMyBjcCBzMzovL2xhbWRhLWJ1Y2tldC1ldS13ZXN0LTIvZnJhdWQtZGV0ZWN0aW9uLXVzaW5nLW1hY2hpbmUtbGVhcm5pbmcvMS9ub3RlYm9va3Mvc2FnZW1ha2VyX2ZyYXVkX2RldGVjdGlvbi5pcHluYiAuCnNlZCAtaSAncy9mcmF1ZC1kZXRlY3Rpb24tZW5kLXRvLWVuZC1kZW1vL2J1Y2tldC0xLWV1LXdlc3QtMi9nJyBzYWdlbWFrZXJfZnJhdWRfZGV0ZWN0aW9uLmlweW5i"
          },
          "private": "bnVsbA==",
          "dependencies": [
            "aws_s3_bucket.s3_bucket_1"
          ]
        }
      ]
    }
  ]
}
